
Microsoft Visual Studio Solution File, Format Version 12.00
# Visual Studio Version 16
VisualStudioVersion = 16.0.30128.74
MinimumVisualStudioVersion = 10.0.40219.1
Project("{9A19103F-16F7-4668-BE54-9A1E7A4F7556}") = "opg-201910-interview", "opg-201910-interview.csproj", "{665E1D78-CFA0-40AC-9BBB-78D0864FBB2E}"
EndProject
Project("{9A19103F-16F7-4668-BE54-9A1E7A4F7556}") = "FlexiSourceExamTest", "FlexiSourceExamTest\FlexiSourceExamTest.csproj", "{305B79AA-5C8B-4231-9746-0792772DEE08}"
EndProject
Global
	GlobalSection(SolutionConfigurationPlatforms) = preSolution
		Debug|Any CPU = Debug|Any CPU
		Release|Any CPU = Release|Any CPU
	EndGlobalSection
	GlobalSection(ProjectConfigurationPlatforms) = postSolution
		{665E1D78-CFA0-40AC-9BBB-78D0864FBB2E}.Debug|Any CPU.ActiveCfg = Debug|Any CPU
		{665E1D78-CFA0-40AC-9BBB-78D0864FBB2E}.Debug|Any CPU.Build.0 = Debug|Any CPU
		{665E1D78-CFA0-40AC-9BBB-78D0864FBB2E}.Release|Any CPU.ActiveCfg = Release|Any CPU
		{665E1D78-CFA0-40AC-9BBB-78D0864FBB2E}.Release|Any CPU.Build.0 = Release|Any CPU
		{305B79AA-5C8B-4231-9746-0792772DEE08}.Debug|Any CPU.ActiveCfg = Debug|Any CPU
		{305B79AA-5C8B-4231-9746-0792772DEE08}.Debug|Any CPU.Build.0 = Debug|Any CPU
		{305B79AA-5C8B-4231-9746-0792772DEE08}.Release|Any CPU.ActiveCfg = Release|Any CPU
		{305B79AA-5C8B-4231-9746-0792772DEE08}.Release|Any CPU.Build.0 = Release|Any CPU
	EndGlobalSection
	GlobalSection(SolutionProperties) = preSolution
		HideSolutionNode = FALSE
	EndGlobalSection
	GlobalSection(ExtensibilityGlobals) = postSolution
		SolutionGuid = {51890320-1F2A-4B9A-BE9D-375A8C7BF8C4}
	EndGlobalSection
EndGlobal
